
Microsoft Visual Studio Solution File, Format Version 12.00
# Visual Studio Version 17
VisualStudioVersion = 17.0.31903.59
MinimumVisualStudioVersion = 10.0.40219.1
Project("{2150E333-8FDC-42A3-9474-1A3956D46DE8}") = "Src", "Src", "{8B7D80CA-4D20-49B3-8BCA-359FE17EC294}"
EndProject
Project("{2150E333-8FDC-42A3-9474-1A3956D46DE8}") = "Microservices", "Microservices", "{50E1D027-47CD-4DAB-A0F4-B0FA39657DAA}"
EndProject
Project("{2150E333-8FDC-42A3-9474-1A3956D46DE8}") = "Course", "Course", "{3F4CC4CC-564A-47E6-872B-BAC38E3A2C40}"
EndProject
Project("{2150E333-8FDC-42A3-9474-1A3956D46DE8}") = "Financial", "Financial", "{1C5BEE31-F943-4B7F-A5BE-59F2385C8707}"
EndProject
Project("{2150E333-8FDC-42A3-9474-1A3956D46DE8}") = "Order", "Order", "{5E4CD520-B3AA-4B1B-89A1-663F18817983}"
EndProject
Project("{2150E333-8FDC-42A3-9474-1A3956D46DE8}") = "Student", "Student", "{A1AF76EB-34DC-466D-97C8-C0F3920BF0D9}"
EndProject
Project("{9A19103F-16F7-4668-BE54-9A1E7A4F7556}") = "University.Manager.Project.Course.Api", "src\Microservices\Course\University.Manager.Project.Course.Api\University.Manager.Project.Course.Api.csproj", "{F7B62DB4-8D76-47B3-B1CC-E7EBB119671B}"
EndProject
Project("{9A19103F-16F7-4668-BE54-9A1E7A4F7556}") = "University.Manager.Project.Course.Application", "src\Microservices\Course\University.Manager.Project.Course.Application\University.Manager.Project.Course.Application.csproj", "{32E1EF21-A2E2-4A3B-BA39-1FD74687D4DA}"
EndProject
Project("{9A19103F-16F7-4668-BE54-9A1E7A4F7556}") = "University.Manager.Project.Course.Domain", "src\Microservices\Course\University.Manager.Project.Course.Domain\University.Manager.Project.Course.Domain.csproj", "{68B4CE7F-3E82-4638-BFD8-39B8A33AB342}"
EndProject
Project("{9A19103F-16F7-4668-BE54-9A1E7A4F7556}") = "University.Manager.Project.Course.Infra.Data", "src\Microservices\Course\University.Manager.Project.Course.Infra.Data\University.Manager.Project.Course.Infra.Data.csproj", "{4499CE53-A757-4E8E-AD6F-2104C4008F3D}"
EndProject
Project("{9A19103F-16F7-4668-BE54-9A1E7A4F7556}") = "University.Manager.Project.Course.Infra.Ioc", "src\Microservices\Course\University.Manager.Project.Course.Infra.Ioc\University.Manager.Project.Course.Infra.Ioc.csproj", "{28408A92-4AD0-4984-86C7-E1FB70B10D38}"
EndProject
Project("{9A19103F-16F7-4668-BE54-9A1E7A4F7556}") = "University.Manager.Project.Financial.Api", "src\Microservices\Financial\University.Manager.Project.Financial.Api\University.Manager.Project.Financial.Api.csproj", "{F39A4E27-8CC3-432D-8681-8DD78DD6EB52}"
EndProject
Project("{9A19103F-16F7-4668-BE54-9A1E7A4F7556}") = "University.Manager.Project.Financial.Application", "src\Microservices\Financial\University.Manager.Project.Financial.Application\University.Manager.Project.Financial.Application.csproj", "{CD23ED47-2059-4CFD-A221-0EB7A09B98A9}"
EndProject
Project("{9A19103F-16F7-4668-BE54-9A1E7A4F7556}") = "University.Manager.Project.Financial.Domain", "src\Microservices\Financial\University.Manager.Project.Financial.Domain\University.Manager.Project.Financial.Domain.csproj", "{2B2314D6-7242-439D-A231-1E1589BB90AC}"
EndProject
Project("{9A19103F-16F7-4668-BE54-9A1E7A4F7556}") = "University.Manager.Project.Financial.Infra.Data", "src\Microservices\Financial\University.Manager.Project.Financial.Infra.Data\University.Manager.Project.Financial.Infra.Data.csproj", "{939BC445-C025-4BE6-B728-2E3BE52100C4}"
EndProject
Project("{9A19103F-16F7-4668-BE54-9A1E7A4F7556}") = "University.Manager.Project.Financial.Infra.Ioc", "src\Microservices\Financial\University.Manager.Project.Financial.Infra.Ioc\University.Manager.Project.Financial.Infra.Ioc.csproj", "{9F921AD4-3A70-40D7-9ACA-016C323C9EF7}"
EndProject
Project("{9A19103F-16F7-4668-BE54-9A1E7A4F7556}") = "University.Manager.Project.Order.Api", "src\Microservices\Order\University.Manager.Project.Order.Api\University.Manager.Project.Order.Api.csproj", "{0B9753EA-5605-429A-897D-F9EB6D297CA5}"
EndProject
Project("{9A19103F-16F7-4668-BE54-9A1E7A4F7556}") = "University.Manager.Project.Order.Application", "src\Microservices\Order\University.Manager.Project.Order.Application\University.Manager.Project.Order.Application.csproj", "{3147F042-FA21-4F0E-82D8-EFE5B8B05061}"
EndProject
Project("{9A19103F-16F7-4668-BE54-9A1E7A4F7556}") = "University.Manager.Project.Order.Domain", "src\Microservices\Order\University.Manager.Project.Order.Domain\University.Manager.Project.Order.Domain.csproj", "{29BFC110-F972-4425-8838-D8FD6BE24584}"
EndProject
Project("{9A19103F-16F7-4668-BE54-9A1E7A4F7556}") = "University.Manager.Project.Order.Infra.Data", "src\Microservices\Order\University.Manager.Project.Order.Infra.Data\University.Manager.Project.Order.Infra.Data.csproj", "{6B672E90-7F59-46EC-AC5B-911470698CD0}"
EndProject
Project("{9A19103F-16F7-4668-BE54-9A1E7A4F7556}") = "University.Manager.Project.Order.Infra.Ioc", "src\Microservices\Order\University.Manager.Project.Order.Infra.Ioc\University.Manager.Project.Order.Infra.Ioc.csproj", "{EC81EC4E-708E-4ACC-BA42-C611C3E14183}"
EndProject
Project("{9A19103F-16F7-4668-BE54-9A1E7A4F7556}") = "University.Manager.Project.Course.Domain.Test", "src\Microservices\Course\University.Manager.Project.Course.Domain.Test\University.Manager.Project.Course.Domain.Test.csproj", "{8DBE7DFF-81C9-45FF-B12C-569AF1C0F345}"
EndProject
Project("{9A19103F-16F7-4668-BE54-9A1E7A4F7556}") = "University.Manager.Project.Student.Api", "src\Microservices\Student\University.Manager.Project.Student.Api\University.Manager.Project.Student.Api.csproj", "{32CE7B1F-254B-437C-B662-7221724F2DD8}"
EndProject
Project("{9A19103F-16F7-4668-BE54-9A1E7A4F7556}") = "University.Manager.Project.Student.Application", "src\Microservices\Student\University.Manager.Project.Student.Application\University.Manager.Project.Student.Application.csproj", "{771193DB-5B55-48D2-B60C-7DCE910BC9DF}"
EndProject
Project("{9A19103F-16F7-4668-BE54-9A1E7A4F7556}") = "University.Manager.Project.Student.Domain", "src\Microservices\Student\University.Manager.Project.Student.Domain\University.Manager.Project.Student.Domain.csproj", "{3EBDCC87-B6E3-4629-877C-7D6C0D80CCA2}"
EndProject
Project("{9A19103F-16F7-4668-BE54-9A1E7A4F7556}") = "University.Manager.Project.Student.Infra.Data", "src\Microservices\Student\University.Manager.Project.Student.Infra.Data\University.Manager.Project.Student.Infra.Data.csproj", "{0FC699A6-6F90-44BE-BF75-7887AF77E4C0}"
EndProject
Project("{9A19103F-16F7-4668-BE54-9A1E7A4F7556}") = "University.Manager.Project.Student.Infra.Ioc", "src\Microservices\Student\University.Manager.Project.Student.Infra.Ioc\University.Manager.Project.Student.Infra.Ioc.csproj", "{D7822556-1097-4ABB-BC0A-E9124DAC5D98}"
EndProject
Project("{9A19103F-16F7-4668-BE54-9A1E7A4F7556}") = "University.Manager.Project.Course.Application.Test", "src\Microservices\Course\University.Manager.Project.Course.Application.Test\University.Manager.Project.Course.Application.Test.csproj", "{5BCE6D9D-D821-4D26-B1E0-8CBB0EB4A2B3}"
EndProject
Project("{9A19103F-16F7-4668-BE54-9A1E7A4F7556}") = "University.Manager.Project.Order.Domain.Test", "src\Microservices\Order\University.Manager.Project.Order.Domain.Test\University.Manager.Project.Order.Domain.Test.csproj", "{8BCAE039-1A5B-4344-A2BE-865B6053D721}"
EndProject
Project("{9A19103F-16F7-4668-BE54-9A1E7A4F7556}") = "University.Manager.Project.Order.Application.Test", "src\Microservices\Order\University.Manager.Project.Order.Application.Test\University.Manager.Project.Order.Application.Test.csproj", "{1C3A61CA-A665-4577-920A-D20A4991D728}"
EndProject
Project("{9A19103F-16F7-4668-BE54-9A1E7A4F7556}") = "University.Manager.Project.Student.Domain.Test", "src\Microservices\Student\University.Manager.Project.Student.Domain.Test\University.Manager.Project.Student.Domain.Test.csproj", "{FF545AD1-1746-4FDE-ABD1-1ABB5A143DE4}"
EndProject
Project("{9A19103F-16F7-4668-BE54-9A1E7A4F7556}") = "University.Manager.Project.Student.Application.Test", "src\Microservices\Student\University.Manager.Project.Student.Application.Test\University.Manager.Project.Student.Application.Test.csproj", "{5042B1C2-259D-4125-B3B5-F39916FC0D4E}"
EndProject
Project("{9A19103F-16F7-4668-BE54-9A1E7A4F7556}") = "University.Manager.Project.Financial.Domain.Test", "src\Microservices\Financial\University.Manager.Project.Financial.Domain.Test\University.Manager.Project.Financial.Domain.Test.csproj", "{34453083-6F7F-4B9C-AB49-9B5B569A86FD}"
EndProject
Project("{9A19103F-16F7-4668-BE54-9A1E7A4F7556}") = "University.Manager.Project.Financial.Application.Test", "src\Microservices\Financial\University.Manager.Project.Financial.Application.Test\University.Manager.Project.Financial.Application.Test.csproj", "{94318A84-DED8-483D-A835-C11952566E0C}"
EndProject
Project("{2150E333-8FDC-42A3-9474-1A3956D46DE8}") = "Frontend", "Frontend", "{4671CA97-F221-4BF6-8C34-DFF3D398A2D7}"
EndProject
Project("{9A19103F-16F7-4668-BE54-9A1E7A4F7556}") = "University.Manager.Project.Web.MVC", "src\Frontend\Web\University.Manager.Project.Web.MVC\University.Manager.Project.Web.MVC.csproj", "{E637650F-16F9-4E94-8E4F-26F067EA6468}"
EndProject
Project("{2150E333-8FDC-42A3-9474-1A3956D46DE8}") = "Web", "Web", "{C4D453CB-7882-4805-84D7-AC5F844348F2}"
EndProject
Project("{2150E333-8FDC-42A3-9474-1A3956D46DE8}") = "ApiGateway", "ApiGateway", "{B241884E-C6D7-4B77-8454-7D7EDD04DC73}"
EndProject
Project("{FAE04EC0-301F-11D3-BF4B-00C04F79EFBC}") = "University.Manager.Project.ApiGateway", "src\Microservices\ApiGateway\University.Manager.Project.ApiGateway\University.Manager.Project.ApiGateway.csproj", "{429EF0F6-02C8-4FD2-BA8C-6F6980A2324E}"
EndProject
Global
	GlobalSection(SolutionConfigurationPlatforms) = preSolution
		Debug|Any CPU = Debug|Any CPU
		Release|Any CPU = Release|Any CPU
	EndGlobalSection
	GlobalSection(ProjectConfigurationPlatforms) = postSolution
		{F7B62DB4-8D76-47B3-B1CC-E7EBB119671B}.Debug|Any CPU.ActiveCfg = Debug|Any CPU
		{F7B62DB4-8D76-47B3-B1CC-E7EBB119671B}.Debug|Any CPU.Build.0 = Debug|Any CPU
		{F7B62DB4-8D76-47B3-B1CC-E7EBB119671B}.Release|Any CPU.ActiveCfg = Release|Any CPU
		{F7B62DB4-8D76-47B3-B1CC-E7EBB119671B}.Release|Any CPU.Build.0 = Release|Any CPU
		{32E1EF21-A2E2-4A3B-BA39-1FD74687D4DA}.Debug|Any CPU.ActiveCfg = Debug|Any CPU
		{32E1EF21-A2E2-4A3B-BA39-1FD74687D4DA}.Debug|Any CPU.Build.0 = Debug|Any CPU
		{32E1EF21-A2E2-4A3B-BA39-1FD74687D4DA}.Release|Any CPU.ActiveCfg = Release|Any CPU
		{32E1EF21-A2E2-4A3B-BA39-1FD74687D4DA}.Release|Any CPU.Build.0 = Release|Any CPU
		{68B4CE7F-3E82-4638-BFD8-39B8A33AB342}.Debug|Any CPU.ActiveCfg = Debug|Any CPU
		{68B4CE7F-3E82-4638-BFD8-39B8A33AB342}.Debug|Any CPU.Build.0 = Debug|Any CPU
		{68B4CE7F-3E82-4638-BFD8-39B8A33AB342}.Release|Any CPU.ActiveCfg = Release|Any CPU
		{68B4CE7F-3E82-4638-BFD8-39B8A33AB342}.Release|Any CPU.Build.0 = Release|Any CPU
		{4499CE53-A757-4E8E-AD6F-2104C4008F3D}.Debug|Any CPU.ActiveCfg = Debug|Any CPU
		{4499CE53-A757-4E8E-AD6F-2104C4008F3D}.Debug|Any CPU.Build.0 = Debug|Any CPU
		{4499CE53-A757-4E8E-AD6F-2104C4008F3D}.Release|Any CPU.ActiveCfg = Release|Any CPU
		{4499CE53-A757-4E8E-AD6F-2104C4008F3D}.Release|Any CPU.Build.0 = Release|Any CPU
		{28408A92-4AD0-4984-86C7-E1FB70B10D38}.Debug|Any CPU.ActiveCfg = Debug|Any CPU
		{28408A92-4AD0-4984-86C7-E1FB70B10D38}.Debug|Any CPU.Build.0 = Debug|Any CPU
		{28408A92-4AD0-4984-86C7-E1FB70B10D38}.Release|Any CPU.ActiveCfg = Release|Any CPU
		{28408A92-4AD0-4984-86C7-E1FB70B10D38}.Release|Any CPU.Build.0 = Release|Any CPU
		{F39A4E27-8CC3-432D-8681-8DD78DD6EB52}.Debug|Any CPU.ActiveCfg = Debug|Any CPU
		{F39A4E27-8CC3-432D-8681-8DD78DD6EB52}.Debug|Any CPU.Build.0 = Debug|Any CPU
		{F39A4E27-8CC3-432D-8681-8DD78DD6EB52}.Release|Any CPU.ActiveCfg = Release|Any CPU
		{F39A4E27-8CC3-432D-8681-8DD78DD6EB52}.Release|Any CPU.Build.0 = Release|Any CPU
		{CD23ED47-2059-4CFD-A221-0EB7A09B98A9}.Debug|Any CPU.ActiveCfg = Debug|Any CPU
		{CD23ED47-2059-4CFD-A221-0EB7A09B98A9}.Debug|Any CPU.Build.0 = Debug|Any CPU
		{CD23ED47-2059-4CFD-A221-0EB7A09B98A9}.Release|Any CPU.ActiveCfg = Release|Any CPU
		{CD23ED47-2059-4CFD-A221-0EB7A09B98A9}.Release|Any CPU.Build.0 = Release|Any CPU
		{2B2314D6-7242-439D-A231-1E1589BB90AC}.Debug|Any CPU.ActiveCfg = Debug|Any CPU
		{2B2314D6-7242-439D-A231-1E1589BB90AC}.Debug|Any CPU.Build.0 = Debug|Any CPU
		{2B2314D6-7242-439D-A231-1E1589BB90AC}.Release|Any CPU.ActiveCfg = Release|Any CPU
		{2B2314D6-7242-439D-A231-1E1589BB90AC}.Release|Any CPU.Build.0 = Release|Any CPU
		{939BC445-C025-4BE6-B728-2E3BE52100C4}.Debug|Any CPU.ActiveCfg = Debug|Any CPU
		{939BC445-C025-4BE6-B728-2E3BE52100C4}.Debug|Any CPU.Build.0 = Debug|Any CPU
		{939BC445-C025-4BE6-B728-2E3BE52100C4}.Release|Any CPU.ActiveCfg = Release|Any CPU
		{939BC445-C025-4BE6-B728-2E3BE52100C4}.Release|Any CPU.Build.0 = Release|Any CPU
		{9F921AD4-3A70-40D7-9ACA-016C323C9EF7}.Debug|Any CPU.ActiveCfg = Debug|Any CPU
		{9F921AD4-3A70-40D7-9ACA-016C323C9EF7}.Debug|Any CPU.Build.0 = Debug|Any CPU
		{9F921AD4-3A70-40D7-9ACA-016C323C9EF7}.Release|Any CPU.ActiveCfg = Release|Any CPU
		{9F921AD4-3A70-40D7-9ACA-016C323C9EF7}.Release|Any CPU.Build.0 = Release|Any CPU
		{0B9753EA-5605-429A-897D-F9EB6D297CA5}.Debug|Any CPU.ActiveCfg = Debug|Any CPU
		{0B9753EA-5605-429A-897D-F9EB6D297CA5}.Debug|Any CPU.Build.0 = Debug|Any CPU
		{0B9753EA-5605-429A-897D-F9EB6D297CA5}.Release|Any CPU.ActiveCfg = Release|Any CPU
		{0B9753EA-5605-429A-897D-F9EB6D297CA5}.Release|Any CPU.Build.0 = Release|Any CPU
		{3147F042-FA21-4F0E-82D8-EFE5B8B05061}.Debug|Any CPU.ActiveCfg = Debug|Any CPU
		{3147F042-FA21-4F0E-82D8-EFE5B8B05061}.Debug|Any CPU.Build.0 = Debug|Any CPU
		{3147F042-FA21-4F0E-82D8-EFE5B8B05061}.Release|Any CPU.ActiveCfg = Release|Any CPU
		{3147F042-FA21-4F0E-82D8-EFE5B8B05061}.Release|Any CPU.Build.0 = Release|Any CPU
		{29BFC110-F972-4425-8838-D8FD6BE24584}.Debug|Any CPU.ActiveCfg = Debug|Any CPU
		{29BFC110-F972-4425-8838-D8FD6BE24584}.Debug|Any CPU.Build.0 = Debug|Any CPU
		{29BFC110-F972-4425-8838-D8FD6BE24584}.Release|Any CPU.ActiveCfg = Release|Any CPU
		{29BFC110-F972-4425-8838-D8FD6BE24584}.Release|Any CPU.Build.0 = Release|Any CPU
		{6B672E90-7F59-46EC-AC5B-911470698CD0}.Debug|Any CPU.ActiveCfg = Debug|Any CPU
		{6B672E90-7F59-46EC-AC5B-911470698CD0}.Debug|Any CPU.Build.0 = Debug|Any CPU
		{6B672E90-7F59-46EC-AC5B-911470698CD0}.Release|Any CPU.ActiveCfg = Release|Any CPU
		{6B672E90-7F59-46EC-AC5B-911470698CD0}.Release|Any CPU.Build.0 = Release|Any CPU
		{EC81EC4E-708E-4ACC-BA42-C611C3E14183}.Debug|Any CPU.ActiveCfg = Debug|Any CPU
		{EC81EC4E-708E-4ACC-BA42-C611C3E14183}.Debug|Any CPU.Build.0 = Debug|Any CPU
		{EC81EC4E-708E-4ACC-BA42-C611C3E14183}.Release|Any CPU.ActiveCfg = Release|Any CPU
		{EC81EC4E-708E-4ACC-BA42-C611C3E14183}.Release|Any CPU.Build.0 = Release|Any CPU
		{8DBE7DFF-81C9-45FF-B12C-569AF1C0F345}.Debug|Any CPU.ActiveCfg = Debug|Any CPU
		{8DBE7DFF-81C9-45FF-B12C-569AF1C0F345}.Debug|Any CPU.Build.0 = Debug|Any CPU
		{8DBE7DFF-81C9-45FF-B12C-569AF1C0F345}.Release|Any CPU.ActiveCfg = Release|Any CPU
		{8DBE7DFF-81C9-45FF-B12C-569AF1C0F345}.Release|Any CPU.Build.0 = Release|Any CPU
		{32CE7B1F-254B-437C-B662-7221724F2DD8}.Debug|Any CPU.ActiveCfg = Debug|Any CPU
		{32CE7B1F-254B-437C-B662-7221724F2DD8}.Debug|Any CPU.Build.0 = Debug|Any CPU
		{32CE7B1F-254B-437C-B662-7221724F2DD8}.Release|Any CPU.ActiveCfg = Release|Any CPU
		{32CE7B1F-254B-437C-B662-7221724F2DD8}.Release|Any CPU.Build.0 = Release|Any CPU
		{771193DB-5B55-48D2-B60C-7DCE910BC9DF}.Debug|Any CPU.ActiveCfg = Debug|Any CPU
		{771193DB-5B55-48D2-B60C-7DCE910BC9DF}.Debug|Any CPU.Build.0 = Debug|Any CPU
		{771193DB-5B55-48D2-B60C-7DCE910BC9DF}.Release|Any CPU.ActiveCfg = Release|Any CPU
		{771193DB-5B55-48D2-B60C-7DCE910BC9DF}.Release|Any CPU.Build.0 = Release|Any CPU
		{3EBDCC87-B6E3-4629-877C-7D6C0D80CCA2}.Debug|Any CPU.ActiveCfg = Debug|Any CPU
		{3EBDCC87-B6E3-4629-877C-7D6C0D80CCA2}.Debug|Any CPU.Build.0 = Debug|Any CPU
		{3EBDCC87-B6E3-4629-877C-7D6C0D80CCA2}.Release|Any CPU.ActiveCfg = Release|Any CPU
		{3EBDCC87-B6E3-4629-877C-7D6C0D80CCA2}.Release|Any CPU.Build.0 = Release|Any CPU
		{0FC699A6-6F90-44BE-BF75-7887AF77E4C0}.Debug|Any CPU.ActiveCfg = Debug|Any CPU
		{0FC699A6-6F90-44BE-BF75-7887AF77E4C0}.Debug|Any CPU.Build.0 = Debug|Any CPU
		{0FC699A6-6F90-44BE-BF75-7887AF77E4C0}.Release|Any CPU.ActiveCfg = Release|Any CPU
		{0FC699A6-6F90-44BE-BF75-7887AF77E4C0}.Release|Any CPU.Build.0 = Release|Any CPU
		{D7822556-1097-4ABB-BC0A-E9124DAC5D98}.Debug|Any CPU.ActiveCfg = Debug|Any CPU
		{D7822556-1097-4ABB-BC0A-E9124DAC5D98}.Debug|Any CPU.Build.0 = Debug|Any CPU
		{D7822556-1097-4ABB-BC0A-E9124DAC5D98}.Release|Any CPU.ActiveCfg = Release|Any CPU
		{D7822556-1097-4ABB-BC0A-E9124DAC5D98}.Release|Any CPU.Build.0 = Release|Any CPU
		{5BCE6D9D-D821-4D26-B1E0-8CBB0EB4A2B3}.Debug|Any CPU.ActiveCfg = Debug|Any CPU
		{5BCE6D9D-D821-4D26-B1E0-8CBB0EB4A2B3}.Debug|Any CPU.Build.0 = Debug|Any CPU
		{5BCE6D9D-D821-4D26-B1E0-8CBB0EB4A2B3}.Release|Any CPU.ActiveCfg = Release|Any CPU
		{5BCE6D9D-D821-4D26-B1E0-8CBB0EB4A2B3}.Release|Any CPU.Build.0 = Release|Any CPU
		{8BCAE039-1A5B-4344-A2BE-865B6053D721}.Debug|Any CPU.ActiveCfg = Debug|Any CPU
		{8BCAE039-1A5B-4344-A2BE-865B6053D721}.Debug|Any CPU.Build.0 = Debug|Any CPU
		{8BCAE039-1A5B-4344-A2BE-865B6053D721}.Release|Any CPU.ActiveCfg = Release|Any CPU
		{8BCAE039-1A5B-4344-A2BE-865B6053D721}.Release|Any CPU.Build.0 = Release|Any CPU
		{1C3A61CA-A665-4577-920A-D20A4991D728}.Debug|Any CPU.ActiveCfg = Debug|Any CPU
		{1C3A61CA-A665-4577-920A-D20A4991D728}.Debug|Any CPU.Build.0 = Debug|Any CPU
		{1C3A61CA-A665-4577-920A-D20A4991D728}.Release|Any CPU.ActiveCfg = Release|Any CPU
		{1C3A61CA-A665-4577-920A-D20A4991D728}.Release|Any CPU.Build.0 = Release|Any CPU
		{FF545AD1-1746-4FDE-ABD1-1ABB5A143DE4}.Debug|Any CPU.ActiveCfg = Debug|Any CPU
		{FF545AD1-1746-4FDE-ABD1-1ABB5A143DE4}.Debug|Any CPU.Build.0 = Debug|Any CPU
		{FF545AD1-1746-4FDE-ABD1-1ABB5A143DE4}.Release|Any CPU.ActiveCfg = Release|Any CPU
		{FF545AD1-1746-4FDE-ABD1-1ABB5A143DE4}.Release|Any CPU.Build.0 = Release|Any CPU
		{5042B1C2-259D-4125-B3B5-F39916FC0D4E}.Debug|Any CPU.ActiveCfg = Debug|Any CPU
		{5042B1C2-259D-4125-B3B5-F39916FC0D4E}.Debug|Any CPU.Build.0 = Debug|Any CPU
		{5042B1C2-259D-4125-B3B5-F39916FC0D4E}.Release|Any CPU.ActiveCfg = Release|Any CPU
		{5042B1C2-259D-4125-B3B5-F39916FC0D4E}.Release|Any CPU.Build.0 = Release|Any CPU
		{34453083-6F7F-4B9C-AB49-9B5B569A86FD}.Debug|Any CPU.ActiveCfg = Debug|Any CPU
		{34453083-6F7F-4B9C-AB49-9B5B569A86FD}.Debug|Any CPU.Build.0 = Debug|Any CPU
		{34453083-6F7F-4B9C-AB49-9B5B569A86FD}.Release|Any CPU.ActiveCfg = Release|Any CPU
		{34453083-6F7F-4B9C-AB49-9B5B569A86FD}.Release|Any CPU.Build.0 = Release|Any CPU
		{94318A84-DED8-483D-A835-C11952566E0C}.Debug|Any CPU.ActiveCfg = Debug|Any CPU
		{94318A84-DED8-483D-A835-C11952566E0C}.Debug|Any CPU.Build.0 = Debug|Any CPU
		{94318A84-DED8-483D-A835-C11952566E0C}.Release|Any CPU.ActiveCfg = Release|Any CPU
		{94318A84-DED8-483D-A835-C11952566E0C}.Release|Any CPU.Build.0 = Release|Any CPU
		{E637650F-16F9-4E94-8E4F-26F067EA6468}.Debug|Any CPU.ActiveCfg = Debug|Any CPU
		{E637650F-16F9-4E94-8E4F-26F067EA6468}.Debug|Any CPU.Build.0 = Debug|Any CPU
		{E637650F-16F9-4E94-8E4F-26F067EA6468}.Release|Any CPU.ActiveCfg = Release|Any CPU
		{E637650F-16F9-4E94-8E4F-26F067EA6468}.Release|Any CPU.Build.0 = Release|Any CPU
		{429EF0F6-02C8-4FD2-BA8C-6F6980A2324E}.Debug|Any CPU.ActiveCfg = Debug|Any CPU
		{429EF0F6-02C8-4FD2-BA8C-6F6980A2324E}.Debug|Any CPU.Build.0 = Debug|Any CPU
		{429EF0F6-02C8-4FD2-BA8C-6F6980A2324E}.Release|Any CPU.ActiveCfg = Release|Any CPU
		{429EF0F6-02C8-4FD2-BA8C-6F6980A2324E}.Release|Any CPU.Build.0 = Release|Any CPU
	EndGlobalSection
	GlobalSection(SolutionProperties) = preSolution
		HideSolutionNode = FALSE
	EndGlobalSection
	GlobalSection(NestedProjects) = preSolution
		{50E1D027-47CD-4DAB-A0F4-B0FA39657DAA} = {8B7D80CA-4D20-49B3-8BCA-359FE17EC294}
		{3F4CC4CC-564A-47E6-872B-BAC38E3A2C40} = {50E1D027-47CD-4DAB-A0F4-B0FA39657DAA}
		{1C5BEE31-F943-4B7F-A5BE-59F2385C8707} = {50E1D027-47CD-4DAB-A0F4-B0FA39657DAA}
		{5E4CD520-B3AA-4B1B-89A1-663F18817983} = {50E1D027-47CD-4DAB-A0F4-B0FA39657DAA}
		{A1AF76EB-34DC-466D-97C8-C0F3920BF0D9} = {50E1D027-47CD-4DAB-A0F4-B0FA39657DAA}
		{F7B62DB4-8D76-47B3-B1CC-E7EBB119671B} = {3F4CC4CC-564A-47E6-872B-BAC38E3A2C40}
		{32E1EF21-A2E2-4A3B-BA39-1FD74687D4DA} = {3F4CC4CC-564A-47E6-872B-BAC38E3A2C40}
		{68B4CE7F-3E82-4638-BFD8-39B8A33AB342} = {3F4CC4CC-564A-47E6-872B-BAC38E3A2C40}
		{4499CE53-A757-4E8E-AD6F-2104C4008F3D} = {3F4CC4CC-564A-47E6-872B-BAC38E3A2C40}
		{28408A92-4AD0-4984-86C7-E1FB70B10D38} = {3F4CC4CC-564A-47E6-872B-BAC38E3A2C40}
		{F39A4E27-8CC3-432D-8681-8DD78DD6EB52} = {1C5BEE31-F943-4B7F-A5BE-59F2385C8707}
		{CD23ED47-2059-4CFD-A221-0EB7A09B98A9} = {1C5BEE31-F943-4B7F-A5BE-59F2385C8707}
		{2B2314D6-7242-439D-A231-1E1589BB90AC} = {1C5BEE31-F943-4B7F-A5BE-59F2385C8707}
		{939BC445-C025-4BE6-B728-2E3BE52100C4} = {1C5BEE31-F943-4B7F-A5BE-59F2385C8707}
		{9F921AD4-3A70-40D7-9ACA-016C323C9EF7} = {1C5BEE31-F943-4B7F-A5BE-59F2385C8707}
		{0B9753EA-5605-429A-897D-F9EB6D297CA5} = {5E4CD520-B3AA-4B1B-89A1-663F18817983}
		{3147F042-FA21-4F0E-82D8-EFE5B8B05061} = {5E4CD520-B3AA-4B1B-89A1-663F18817983}
		{29BFC110-F972-4425-8838-D8FD6BE24584} = {5E4CD520-B3AA-4B1B-89A1-663F18817983}
		{6B672E90-7F59-46EC-AC5B-911470698CD0} = {5E4CD520-B3AA-4B1B-89A1-663F18817983}
		{EC81EC4E-708E-4ACC-BA42-C611C3E14183} = {5E4CD520-B3AA-4B1B-89A1-663F18817983}
		{8DBE7DFF-81C9-45FF-B12C-569AF1C0F345} = {3F4CC4CC-564A-47E6-872B-BAC38E3A2C40}
		{32CE7B1F-254B-437C-B662-7221724F2DD8} = {A1AF76EB-34DC-466D-97C8-C0F3920BF0D9}
		{771193DB-5B55-48D2-B60C-7DCE910BC9DF} = {A1AF76EB-34DC-466D-97C8-C0F3920BF0D9}
		{3EBDCC87-B6E3-4629-877C-7D6C0D80CCA2} = {A1AF76EB-34DC-466D-97C8-C0F3920BF0D9}
		{0FC699A6-6F90-44BE-BF75-7887AF77E4C0} = {A1AF76EB-34DC-466D-97C8-C0F3920BF0D9}
		{D7822556-1097-4ABB-BC0A-E9124DAC5D98} = {A1AF76EB-34DC-466D-97C8-C0F3920BF0D9}
		{5BCE6D9D-D821-4D26-B1E0-8CBB0EB4A2B3} = {3F4CC4CC-564A-47E6-872B-BAC38E3A2C40}
		{8BCAE039-1A5B-4344-A2BE-865B6053D721} = {5E4CD520-B3AA-4B1B-89A1-663F18817983}
		{1C3A61CA-A665-4577-920A-D20A4991D728} = {5E4CD520-B3AA-4B1B-89A1-663F18817983}
		{FF545AD1-1746-4FDE-ABD1-1ABB5A143DE4} = {A1AF76EB-34DC-466D-97C8-C0F3920BF0D9}
		{5042B1C2-259D-4125-B3B5-F39916FC0D4E} = {A1AF76EB-34DC-466D-97C8-C0F3920BF0D9}
		{34453083-6F7F-4B9C-AB49-9B5B569A86FD} = {1C5BEE31-F943-4B7F-A5BE-59F2385C8707}
		{94318A84-DED8-483D-A835-C11952566E0C} = {1C5BEE31-F943-4B7F-A5BE-59F2385C8707}
		{4671CA97-F221-4BF6-8C34-DFF3D398A2D7} = {8B7D80CA-4D20-49B3-8BCA-359FE17EC294}
		{E637650F-16F9-4E94-8E4F-26F067EA6468} = {C4D453CB-7882-4805-84D7-AC5F844348F2}
		{C4D453CB-7882-4805-84D7-AC5F844348F2} = {4671CA97-F221-4BF6-8C34-DFF3D398A2D7}
		{B241884E-C6D7-4B77-8454-7D7EDD04DC73} = {50E1D027-47CD-4DAB-A0F4-B0FA39657DAA}
		{429EF0F6-02C8-4FD2-BA8C-6F6980A2324E} = {B241884E-C6D7-4B77-8454-7D7EDD04DC73}
	EndGlobalSection
	GlobalSection(ExtensibilityGlobals) = postSolution
		SolutionGuid = {BE34353B-87F6-4EC0-8E40-B4ADE0D6B788}
	EndGlobalSection
EndGlobal
