
Microsoft Visual Studio Solution File, Format Version 12.00
# Visual Studio Version 17
VisualStudioVersion = 17.5.002.0
MinimumVisualStudioVersion = 10.0.40219.1
Project("{2150E333-8FDC-42A3-9474-1A3956D46DE8}") = "Frontend", "Frontend", "{8612382F-65D9-42F0-860A-3904A141ED9E}"
EndProject
Project("{2150E333-8FDC-42A3-9474-1A3956D46DE8}") = "Web", "Web", "{395FE072-7611-48F2-82B4-F158EFB57FA3}"
EndProject
Project("{9A19103F-16F7-4668-BE54-9A1E7A4F7556}") = "University.Manager.Project.Web.MVC", "Frontend\Web\University.Manager.Project.Web.MVC\University.Manager.Project.Web.MVC.csproj", "{33502561-C836-47B9-966B-56CEC3877E1E}"
EndProject
Project("{2150E333-8FDC-42A3-9474-1A3956D46DE8}") = "Microservices", "Microservices", "{44A47E6C-CF53-4B41-A0FB-F66CE95E94FD}"
EndProject
Project("{2150E333-8FDC-42A3-9474-1A3956D46DE8}") = "ApiGateway", "ApiGateway", "{4DA9B8DD-150B-4A1E-BBDE-77ADEC5F6E3B}"
EndProject
Project("{9A19103F-16F7-4668-BE54-9A1E7A4F7556}") = "University.Manager.Project.ApiGateway", "Microservices\ApiGateway\University.Manager.Project.ApiGateway\University.Manager.Project.ApiGateway.csproj", "{F570A5D0-D72F-4056-B57A-2C473A9D926C}"
EndProject
Project("{2150E333-8FDC-42A3-9474-1A3956D46DE8}") = "Course", "Course", "{02473AD5-17F2-4281-80FE-99DADC072AAB}"
EndProject
Project("{9A19103F-16F7-4668-BE54-9A1E7A4F7556}") = "University.Manager.Project.Course.Api", "Microservices\Course\University.Manager.Project.Course.Api\University.Manager.Project.Course.Api.csproj", "{F947608A-AAB1-4518-AFFA-D1C1369B7F66}"
EndProject
Project("{9A19103F-16F7-4668-BE54-9A1E7A4F7556}") = "University.Manager.Project.Course.Application", "Microservices\Course\University.Manager.Project.Course.Application\University.Manager.Project.Course.Application.csproj", "{7A80359A-C4CB-4B45-86A3-64C544E45FBF}"
EndProject
Project("{9A19103F-16F7-4668-BE54-9A1E7A4F7556}") = "University.Manager.Project.Course.Application.Test", "Microservices\Course\University.Manager.Project.Course.Application.Test\University.Manager.Project.Course.Application.Test.csproj", "{8FCCE1FA-7E5F-418B-805B-7EF3458DCAC7}"
EndProject
Project("{9A19103F-16F7-4668-BE54-9A1E7A4F7556}") = "University.Manager.Project.Course.Domain", "Microservices\Course\University.Manager.Project.Course.Domain\University.Manager.Project.Course.Domain.csproj", "{6197B047-1012-4A82-9AB0-083CC56DF5DE}"
EndProject
Project("{9A19103F-16F7-4668-BE54-9A1E7A4F7556}") = "University.Manager.Project.Course.Domain.Test", "Microservices\Course\University.Manager.Project.Course.Domain.Test\University.Manager.Project.Course.Domain.Test.csproj", "{418CAF65-E869-4CD7-B864-D8C994C95CF8}"
EndProject
Project("{9A19103F-16F7-4668-BE54-9A1E7A4F7556}") = "University.Manager.Project.Course.Infra.Data", "Microservices\Course\University.Manager.Project.Course.Infra.Data\University.Manager.Project.Course.Infra.Data.csproj", "{F3CC6EAB-771E-49E6-8C67-DD60C83ACBC7}"
EndProject
Project("{9A19103F-16F7-4668-BE54-9A1E7A4F7556}") = "University.Manager.Project.Course.Infra.Ioc", "Microservices\Course\University.Manager.Project.Course.Infra.Ioc\University.Manager.Project.Course.Infra.Ioc.csproj", "{997E0975-9447-44FF-98F0-8C0183071D91}"
EndProject
Project("{2150E333-8FDC-42A3-9474-1A3956D46DE8}") = "Financial", "Financial", "{8992964E-27A1-42B8-81C7-8761DD13E0CD}"
EndProject
Project("{9A19103F-16F7-4668-BE54-9A1E7A4F7556}") = "University.Manager.Project.Financial.Api", "Microservices\Financial\University.Manager.Project.Financial.Api\University.Manager.Project.Financial.Api.csproj", "{079EA59F-B918-45D3-8014-A33048E0947F}"
EndProject
Project("{9A19103F-16F7-4668-BE54-9A1E7A4F7556}") = "University.Manager.Project.Financial.Application", "Microservices\Financial\University.Manager.Project.Financial.Application\University.Manager.Project.Financial.Application.csproj", "{4F635F14-947E-4E97-ABDA-FD94211D7083}"
EndProject
Project("{9A19103F-16F7-4668-BE54-9A1E7A4F7556}") = "University.Manager.Project.Financial.Application.Test", "Microservices\Financial\University.Manager.Project.Financial.Application.Test\University.Manager.Project.Financial.Application.Test.csproj", "{E15ACA39-E300-4813-A5D9-F3F8DD358680}"
EndProject
Project("{9A19103F-16F7-4668-BE54-9A1E7A4F7556}") = "University.Manager.Project.Financial.Domain", "Microservices\Financial\University.Manager.Project.Financial.Domain\University.Manager.Project.Financial.Domain.csproj", "{ED29DB12-4B39-4A02-99D8-FB3825E7CD77}"
EndProject
Project("{9A19103F-16F7-4668-BE54-9A1E7A4F7556}") = "University.Manager.Project.Financial.Domain.Test", "Microservices\Financial\University.Manager.Project.Financial.Domain.Test\University.Manager.Project.Financial.Domain.Test.csproj", "{65DDD535-29EE-4FAB-BD78-B7A1D4F60761}"
EndProject
Project("{9A19103F-16F7-4668-BE54-9A1E7A4F7556}") = "University.Manager.Project.Financial.Infra.Data", "Microservices\Financial\University.Manager.Project.Financial.Infra.Data\University.Manager.Project.Financial.Infra.Data.csproj", "{89772079-1B32-4DBE-B100-FE812C37ED32}"
EndProject
Project("{9A19103F-16F7-4668-BE54-9A1E7A4F7556}") = "University.Manager.Project.Financial.Infra.Ioc", "Microservices\Financial\University.Manager.Project.Financial.Infra.Ioc\University.Manager.Project.Financial.Infra.Ioc.csproj", "{2A9E0090-DEAF-4388-893C-BFF733A68298}"
EndProject
Project("{2150E333-8FDC-42A3-9474-1A3956D46DE8}") = "IdentityServer", "IdentityServer", "{F0258924-D695-4006-A420-16EBBD3AB739}"
EndProject
Project("{9A19103F-16F7-4668-BE54-9A1E7A4F7556}") = "University.Manager.Project.IdentityServer", "Microservices\IdentityServer\University.Manager.Project.IdentityServer\University.Manager.Project.IdentityServer.csproj", "{3D406134-7A35-4693-ABB0-DDA68375058E}"
EndProject
Project("{2150E333-8FDC-42A3-9474-1A3956D46DE8}") = "Order", "Order", "{7D853791-5D00-4629-AD10-DB51CB9E1643}"
EndProject
Project("{9A19103F-16F7-4668-BE54-9A1E7A4F7556}") = "University.Manager.Project.Order.Api", "Microservices\Order\University.Manager.Project.Order.Api\University.Manager.Project.Order.Api.csproj", "{8C9B3486-1D7D-404E-8863-0286326040F5}"
EndProject
Project("{9A19103F-16F7-4668-BE54-9A1E7A4F7556}") = "University.Manager.Project.Order.Application", "Microservices\Order\University.Manager.Project.Order.Application\University.Manager.Project.Order.Application.csproj", "{0AE148BC-6918-4346-91D7-D52D45853F56}"
EndProject
Project("{9A19103F-16F7-4668-BE54-9A1E7A4F7556}") = "University.Manager.Project.Order.Application.Test", "Microservices\Order\University.Manager.Project.Order.Application.Test\University.Manager.Project.Order.Application.Test.csproj", "{8E27FF6E-9027-4ABC-B00F-613BE981BBC1}"
EndProject
Project("{9A19103F-16F7-4668-BE54-9A1E7A4F7556}") = "University.Manager.Project.Order.Domain", "Microservices\Order\University.Manager.Project.Order.Domain\University.Manager.Project.Order.Domain.csproj", "{0D45FF1A-BD27-46AC-8704-8778C7D71369}"
EndProject
Project("{9A19103F-16F7-4668-BE54-9A1E7A4F7556}") = "University.Manager.Project.Order.Domain.Test", "Microservices\Order\University.Manager.Project.Order.Domain.Test\University.Manager.Project.Order.Domain.Test.csproj", "{D231EA19-20BE-48DE-A381-2BAC75FFB87B}"
EndProject
Project("{9A19103F-16F7-4668-BE54-9A1E7A4F7556}") = "University.Manager.Project.Order.Infra.Data", "Microservices\Order\University.Manager.Project.Order.Infra.Data\University.Manager.Project.Order.Infra.Data.csproj", "{B901AD47-FDC9-4186-875E-965380A50301}"
EndProject
Project("{9A19103F-16F7-4668-BE54-9A1E7A4F7556}") = "University.Manager.Project.Order.Infra.Ioc", "Microservices\Order\University.Manager.Project.Order.Infra.Ioc\University.Manager.Project.Order.Infra.Ioc.csproj", "{D2110F3F-78F0-4FD2-9F8B-0EB62C9C52A5}"
EndProject
Project("{2150E333-8FDC-42A3-9474-1A3956D46DE8}") = "Student", "Student", "{B0A514EF-3FD2-409F-AE98-312A39F3CA18}"
EndProject
Project("{9A19103F-16F7-4668-BE54-9A1E7A4F7556}") = "University.Manager.Project.Student.Api", "Microservices\Student\University.Manager.Project.Student.Api\University.Manager.Project.Student.Api.csproj", "{69D0C0F5-E586-497C-9F64-AFBEEEE4605D}"
EndProject
Project("{9A19103F-16F7-4668-BE54-9A1E7A4F7556}") = "University.Manager.Project.Student.Application", "Microservices\Student\University.Manager.Project.Student.Application\University.Manager.Project.Student.Application.csproj", "{93A293A2-0DF6-4375-B830-98D061C83F26}"
EndProject
Project("{9A19103F-16F7-4668-BE54-9A1E7A4F7556}") = "University.Manager.Project.Student.Application.Test", "Microservices\Student\University.Manager.Project.Student.Application.Test\University.Manager.Project.Student.Application.Test.csproj", "{447471BE-74A9-4F9E-8B9C-F29A6D119A54}"
EndProject
Project("{9A19103F-16F7-4668-BE54-9A1E7A4F7556}") = "University.Manager.Project.Student.Domain", "Microservices\Student\University.Manager.Project.Student.Domain\University.Manager.Project.Student.Domain.csproj", "{D1C6B57E-62E5-42EF-BCCD-87B8CCDE28E2}"
EndProject
Project("{9A19103F-16F7-4668-BE54-9A1E7A4F7556}") = "University.Manager.Project.Student.Domain.Test", "Microservices\Student\University.Manager.Project.Student.Domain.Test\University.Manager.Project.Student.Domain.Test.csproj", "{EE3C08F6-FFA4-4D69-AB25-166974750DD9}"
EndProject
Project("{9A19103F-16F7-4668-BE54-9A1E7A4F7556}") = "University.Manager.Project.Student.Infra.Data", "Microservices\Student\University.Manager.Project.Student.Infra.Data\University.Manager.Project.Student.Infra.Data.csproj", "{E6DEBEF0-50E2-47B5-8E00-342646C0F424}"
EndProject
Project("{9A19103F-16F7-4668-BE54-9A1E7A4F7556}") = "University.Manager.Project.Student.Infra.Ioc", "Microservices\Student\University.Manager.Project.Student.Infra.Ioc\University.Manager.Project.Student.Infra.Ioc.csproj", "{331CE3D6-DD1B-4010-93F2-2AD6C89B381D}"
EndProject
Global
	GlobalSection(SolutionConfigurationPlatforms) = preSolution
		Debug|Any CPU = Debug|Any CPU
		Release|Any CPU = Release|Any CPU
	EndGlobalSection
	GlobalSection(ProjectConfigurationPlatforms) = postSolution
		{33502561-C836-47B9-966B-56CEC3877E1E}.Debug|Any CPU.ActiveCfg = Debug|Any CPU
		{33502561-C836-47B9-966B-56CEC3877E1E}.Debug|Any CPU.Build.0 = Debug|Any CPU
		{33502561-C836-47B9-966B-56CEC3877E1E}.Release|Any CPU.ActiveCfg = Release|Any CPU
		{33502561-C836-47B9-966B-56CEC3877E1E}.Release|Any CPU.Build.0 = Release|Any CPU
		{F570A5D0-D72F-4056-B57A-2C473A9D926C}.Debug|Any CPU.ActiveCfg = Debug|Any CPU
		{F570A5D0-D72F-4056-B57A-2C473A9D926C}.Debug|Any CPU.Build.0 = Debug|Any CPU
		{F570A5D0-D72F-4056-B57A-2C473A9D926C}.Release|Any CPU.ActiveCfg = Release|Any CPU
		{F570A5D0-D72F-4056-B57A-2C473A9D926C}.Release|Any CPU.Build.0 = Release|Any CPU
		{F947608A-AAB1-4518-AFFA-D1C1369B7F66}.Debug|Any CPU.ActiveCfg = Debug|Any CPU
		{F947608A-AAB1-4518-AFFA-D1C1369B7F66}.Debug|Any CPU.Build.0 = Debug|Any CPU
		{F947608A-AAB1-4518-AFFA-D1C1369B7F66}.Release|Any CPU.ActiveCfg = Release|Any CPU
		{F947608A-AAB1-4518-AFFA-D1C1369B7F66}.Release|Any CPU.Build.0 = Release|Any CPU
		{7A80359A-C4CB-4B45-86A3-64C544E45FBF}.Debug|Any CPU.ActiveCfg = Debug|Any CPU
		{7A80359A-C4CB-4B45-86A3-64C544E45FBF}.Debug|Any CPU.Build.0 = Debug|Any CPU
		{7A80359A-C4CB-4B45-86A3-64C544E45FBF}.Release|Any CPU.ActiveCfg = Release|Any CPU
		{7A80359A-C4CB-4B45-86A3-64C544E45FBF}.Release|Any CPU.Build.0 = Release|Any CPU
		{8FCCE1FA-7E5F-418B-805B-7EF3458DCAC7}.Debug|Any CPU.ActiveCfg = Debug|Any CPU
		{8FCCE1FA-7E5F-418B-805B-7EF3458DCAC7}.Debug|Any CPU.Build.0 = Debug|Any CPU
		{8FCCE1FA-7E5F-418B-805B-7EF3458DCAC7}.Release|Any CPU.ActiveCfg = Release|Any CPU
		{8FCCE1FA-7E5F-418B-805B-7EF3458DCAC7}.Release|Any CPU.Build.0 = Release|Any CPU
		{6197B047-1012-4A82-9AB0-083CC56DF5DE}.Debug|Any CPU.ActiveCfg = Debug|Any CPU
		{6197B047-1012-4A82-9AB0-083CC56DF5DE}.Debug|Any CPU.Build.0 = Debug|Any CPU
		{6197B047-1012-4A82-9AB0-083CC56DF5DE}.Release|Any CPU.ActiveCfg = Release|Any CPU
		{6197B047-1012-4A82-9AB0-083CC56DF5DE}.Release|Any CPU.Build.0 = Release|Any CPU
		{418CAF65-E869-4CD7-B864-D8C994C95CF8}.Debug|Any CPU.ActiveCfg = Debug|Any CPU
		{418CAF65-E869-4CD7-B864-D8C994C95CF8}.Debug|Any CPU.Build.0 = Debug|Any CPU
		{418CAF65-E869-4CD7-B864-D8C994C95CF8}.Release|Any CPU.ActiveCfg = Release|Any CPU
		{418CAF65-E869-4CD7-B864-D8C994C95CF8}.Release|Any CPU.Build.0 = Release|Any CPU
		{F3CC6EAB-771E-49E6-8C67-DD60C83ACBC7}.Debug|Any CPU.ActiveCfg = Debug|Any CPU
		{F3CC6EAB-771E-49E6-8C67-DD60C83ACBC7}.Debug|Any CPU.Build.0 = Debug|Any CPU
		{F3CC6EAB-771E-49E6-8C67-DD60C83ACBC7}.Release|Any CPU.ActiveCfg = Release|Any CPU
		{F3CC6EAB-771E-49E6-8C67-DD60C83ACBC7}.Release|Any CPU.Build.0 = Release|Any CPU
		{997E0975-9447-44FF-98F0-8C0183071D91}.Debug|Any CPU.ActiveCfg = Debug|Any CPU
		{997E0975-9447-44FF-98F0-8C0183071D91}.Debug|Any CPU.Build.0 = Debug|Any CPU
		{997E0975-9447-44FF-98F0-8C0183071D91}.Release|Any CPU.ActiveCfg = Release|Any CPU
		{997E0975-9447-44FF-98F0-8C0183071D91}.Release|Any CPU.Build.0 = Release|Any CPU
		{079EA59F-B918-45D3-8014-A33048E0947F}.Debug|Any CPU.ActiveCfg = Debug|Any CPU
		{079EA59F-B918-45D3-8014-A33048E0947F}.Debug|Any CPU.Build.0 = Debug|Any CPU
		{079EA59F-B918-45D3-8014-A33048E0947F}.Release|Any CPU.ActiveCfg = Release|Any CPU
		{079EA59F-B918-45D3-8014-A33048E0947F}.Release|Any CPU.Build.0 = Release|Any CPU
		{4F635F14-947E-4E97-ABDA-FD94211D7083}.Debug|Any CPU.ActiveCfg = Debug|Any CPU
		{4F635F14-947E-4E97-ABDA-FD94211D7083}.Debug|Any CPU.Build.0 = Debug|Any CPU
		{4F635F14-947E-4E97-ABDA-FD94211D7083}.Release|Any CPU.ActiveCfg = Release|Any CPU
		{4F635F14-947E-4E97-ABDA-FD94211D7083}.Release|Any CPU.Build.0 = Release|Any CPU
		{E15ACA39-E300-4813-A5D9-F3F8DD358680}.Debug|Any CPU.ActiveCfg = Debug|Any CPU
		{E15ACA39-E300-4813-A5D9-F3F8DD358680}.Debug|Any CPU.Build.0 = Debug|Any CPU
		{E15ACA39-E300-4813-A5D9-F3F8DD358680}.Release|Any CPU.ActiveCfg = Release|Any CPU
		{E15ACA39-E300-4813-A5D9-F3F8DD358680}.Release|Any CPU.Build.0 = Release|Any CPU
		{ED29DB12-4B39-4A02-99D8-FB3825E7CD77}.Debug|Any CPU.ActiveCfg = Debug|Any CPU
		{ED29DB12-4B39-4A02-99D8-FB3825E7CD77}.Debug|Any CPU.Build.0 = Debug|Any CPU
		{ED29DB12-4B39-4A02-99D8-FB3825E7CD77}.Release|Any CPU.ActiveCfg = Release|Any CPU
		{ED29DB12-4B39-4A02-99D8-FB3825E7CD77}.Release|Any CPU.Build.0 = Release|Any CPU
		{65DDD535-29EE-4FAB-BD78-B7A1D4F60761}.Debug|Any CPU.ActiveCfg = Debug|Any CPU
		{65DDD535-29EE-4FAB-BD78-B7A1D4F60761}.Debug|Any CPU.Build.0 = Debug|Any CPU
		{65DDD535-29EE-4FAB-BD78-B7A1D4F60761}.Release|Any CPU.ActiveCfg = Release|Any CPU
		{65DDD535-29EE-4FAB-BD78-B7A1D4F60761}.Release|Any CPU.Build.0 = Release|Any CPU
		{89772079-1B32-4DBE-B100-FE812C37ED32}.Debug|Any CPU.ActiveCfg = Debug|Any CPU
		{89772079-1B32-4DBE-B100-FE812C37ED32}.Debug|Any CPU.Build.0 = Debug|Any CPU
		{89772079-1B32-4DBE-B100-FE812C37ED32}.Release|Any CPU.ActiveCfg = Release|Any CPU
		{89772079-1B32-4DBE-B100-FE812C37ED32}.Release|Any CPU.Build.0 = Release|Any CPU
		{2A9E0090-DEAF-4388-893C-BFF733A68298}.Debug|Any CPU.ActiveCfg = Debug|Any CPU
		{2A9E0090-DEAF-4388-893C-BFF733A68298}.Debug|Any CPU.Build.0 = Debug|Any CPU
		{2A9E0090-DEAF-4388-893C-BFF733A68298}.Release|Any CPU.ActiveCfg = Release|Any CPU
		{2A9E0090-DEAF-4388-893C-BFF733A68298}.Release|Any CPU.Build.0 = Release|Any CPU
		{3D406134-7A35-4693-ABB0-DDA68375058E}.Debug|Any CPU.ActiveCfg = Debug|Any CPU
		{3D406134-7A35-4693-ABB0-DDA68375058E}.Debug|Any CPU.Build.0 = Debug|Any CPU
		{3D406134-7A35-4693-ABB0-DDA68375058E}.Release|Any CPU.ActiveCfg = Release|Any CPU
		{3D406134-7A35-4693-ABB0-DDA68375058E}.Release|Any CPU.Build.0 = Release|Any CPU
		{8C9B3486-1D7D-404E-8863-0286326040F5}.Debug|Any CPU.ActiveCfg = Debug|Any CPU
		{8C9B3486-1D7D-404E-8863-0286326040F5}.Debug|Any CPU.Build.0 = Debug|Any CPU
		{8C9B3486-1D7D-404E-8863-0286326040F5}.Release|Any CPU.ActiveCfg = Release|Any CPU
		{8C9B3486-1D7D-404E-8863-0286326040F5}.Release|Any CPU.Build.0 = Release|Any CPU
		{0AE148BC-6918-4346-91D7-D52D45853F56}.Debug|Any CPU.ActiveCfg = Debug|Any CPU
		{0AE148BC-6918-4346-91D7-D52D45853F56}.Debug|Any CPU.Build.0 = Debug|Any CPU
		{0AE148BC-6918-4346-91D7-D52D45853F56}.Release|Any CPU.ActiveCfg = Release|Any CPU
		{0AE148BC-6918-4346-91D7-D52D45853F56}.Release|Any CPU.Build.0 = Release|Any CPU
		{8E27FF6E-9027-4ABC-B00F-613BE981BBC1}.Debug|Any CPU.ActiveCfg = Debug|Any CPU
		{8E27FF6E-9027-4ABC-B00F-613BE981BBC1}.Debug|Any CPU.Build.0 = Debug|Any CPU
		{8E27FF6E-9027-4ABC-B00F-613BE981BBC1}.Release|Any CPU.ActiveCfg = Release|Any CPU
		{8E27FF6E-9027-4ABC-B00F-613BE981BBC1}.Release|Any CPU.Build.0 = Release|Any CPU
		{0D45FF1A-BD27-46AC-8704-8778C7D71369}.Debug|Any CPU.ActiveCfg = Debug|Any CPU
		{0D45FF1A-BD27-46AC-8704-8778C7D71369}.Debug|Any CPU.Build.0 = Debug|Any CPU
		{0D45FF1A-BD27-46AC-8704-8778C7D71369}.Release|Any CPU.ActiveCfg = Release|Any CPU
		{0D45FF1A-BD27-46AC-8704-8778C7D71369}.Release|Any CPU.Build.0 = Release|Any CPU
		{D231EA19-20BE-48DE-A381-2BAC75FFB87B}.Debug|Any CPU.ActiveCfg = Debug|Any CPU
		{D231EA19-20BE-48DE-A381-2BAC75FFB87B}.Debug|Any CPU.Build.0 = Debug|Any CPU
		{D231EA19-20BE-48DE-A381-2BAC75FFB87B}.Release|Any CPU.ActiveCfg = Release|Any CPU
		{D231EA19-20BE-48DE-A381-2BAC75FFB87B}.Release|Any CPU.Build.0 = Release|Any CPU
		{B901AD47-FDC9-4186-875E-965380A50301}.Debug|Any CPU.ActiveCfg = Debug|Any CPU
		{B901AD47-FDC9-4186-875E-965380A50301}.Debug|Any CPU.Build.0 = Debug|Any CPU
		{B901AD47-FDC9-4186-875E-965380A50301}.Release|Any CPU.ActiveCfg = Release|Any CPU
		{B901AD47-FDC9-4186-875E-965380A50301}.Release|Any CPU.Build.0 = Release|Any CPU
		{D2110F3F-78F0-4FD2-9F8B-0EB62C9C52A5}.Debug|Any CPU.ActiveCfg = Debug|Any CPU
		{D2110F3F-78F0-4FD2-9F8B-0EB62C9C52A5}.Debug|Any CPU.Build.0 = Debug|Any CPU
		{D2110F3F-78F0-4FD2-9F8B-0EB62C9C52A5}.Release|Any CPU.ActiveCfg = Release|Any CPU
		{D2110F3F-78F0-4FD2-9F8B-0EB62C9C52A5}.Release|Any CPU.Build.0 = Release|Any CPU
		{69D0C0F5-E586-497C-9F64-AFBEEEE4605D}.Debug|Any CPU.ActiveCfg = Debug|Any CPU
		{69D0C0F5-E586-497C-9F64-AFBEEEE4605D}.Debug|Any CPU.Build.0 = Debug|Any CPU
		{69D0C0F5-E586-497C-9F64-AFBEEEE4605D}.Release|Any CPU.ActiveCfg = Release|Any CPU
		{69D0C0F5-E586-497C-9F64-AFBEEEE4605D}.Release|Any CPU.Build.0 = Release|Any CPU
		{93A293A2-0DF6-4375-B830-98D061C83F26}.Debug|Any CPU.ActiveCfg = Debug|Any CPU
		{93A293A2-0DF6-4375-B830-98D061C83F26}.Debug|Any CPU.Build.0 = Debug|Any CPU
		{93A293A2-0DF6-4375-B830-98D061C83F26}.Release|Any CPU.ActiveCfg = Release|Any CPU
		{93A293A2-0DF6-4375-B830-98D061C83F26}.Release|Any CPU.Build.0 = Release|Any CPU
		{447471BE-74A9-4F9E-8B9C-F29A6D119A54}.Debug|Any CPU.ActiveCfg = Debug|Any CPU
		{447471BE-74A9-4F9E-8B9C-F29A6D119A54}.Debug|Any CPU.Build.0 = Debug|Any CPU
		{447471BE-74A9-4F9E-8B9C-F29A6D119A54}.Release|Any CPU.ActiveCfg = Release|Any CPU
		{447471BE-74A9-4F9E-8B9C-F29A6D119A54}.Release|Any CPU.Build.0 = Release|Any CPU
		{D1C6B57E-62E5-42EF-BCCD-87B8CCDE28E2}.Debug|Any CPU.ActiveCfg = Debug|Any CPU
		{D1C6B57E-62E5-42EF-BCCD-87B8CCDE28E2}.Debug|Any CPU.Build.0 = Debug|Any CPU
		{D1C6B57E-62E5-42EF-BCCD-87B8CCDE28E2}.Release|Any CPU.ActiveCfg = Release|Any CPU
		{D1C6B57E-62E5-42EF-BCCD-87B8CCDE28E2}.Release|Any CPU.Build.0 = Release|Any CPU
		{EE3C08F6-FFA4-4D69-AB25-166974750DD9}.Debug|Any CPU.ActiveCfg = Debug|Any CPU
		{EE3C08F6-FFA4-4D69-AB25-166974750DD9}.Debug|Any CPU.Build.0 = Debug|Any CPU
		{EE3C08F6-FFA4-4D69-AB25-166974750DD9}.Release|Any CPU.ActiveCfg = Release|Any CPU
		{EE3C08F6-FFA4-4D69-AB25-166974750DD9}.Release|Any CPU.Build.0 = Release|Any CPU
		{E6DEBEF0-50E2-47B5-8E00-342646C0F424}.Debug|Any CPU.ActiveCfg = Debug|Any CPU
		{E6DEBEF0-50E2-47B5-8E00-342646C0F424}.Debug|Any CPU.Build.0 = Debug|Any CPU
		{E6DEBEF0-50E2-47B5-8E00-342646C0F424}.Release|Any CPU.ActiveCfg = Release|Any CPU
		{E6DEBEF0-50E2-47B5-8E00-342646C0F424}.Release|Any CPU.Build.0 = Release|Any CPU
		{331CE3D6-DD1B-4010-93F2-2AD6C89B381D}.Debug|Any CPU.ActiveCfg = Debug|Any CPU
		{331CE3D6-DD1B-4010-93F2-2AD6C89B381D}.Debug|Any CPU.Build.0 = Debug|Any CPU
		{331CE3D6-DD1B-4010-93F2-2AD6C89B381D}.Release|Any CPU.ActiveCfg = Release|Any CPU
		{331CE3D6-DD1B-4010-93F2-2AD6C89B381D}.Release|Any CPU.Build.0 = Release|Any CPU
	EndGlobalSection
	GlobalSection(SolutionProperties) = preSolution
		HideSolutionNode = FALSE
	EndGlobalSection
	GlobalSection(NestedProjects) = preSolution
		{395FE072-7611-48F2-82B4-F158EFB57FA3} = {8612382F-65D9-42F0-860A-3904A141ED9E}
		{33502561-C836-47B9-966B-56CEC3877E1E} = {395FE072-7611-48F2-82B4-F158EFB57FA3}
		{4DA9B8DD-150B-4A1E-BBDE-77ADEC5F6E3B} = {44A47E6C-CF53-4B41-A0FB-F66CE95E94FD}
		{F570A5D0-D72F-4056-B57A-2C473A9D926C} = {4DA9B8DD-150B-4A1E-BBDE-77ADEC5F6E3B}
		{02473AD5-17F2-4281-80FE-99DADC072AAB} = {44A47E6C-CF53-4B41-A0FB-F66CE95E94FD}
		{F947608A-AAB1-4518-AFFA-D1C1369B7F66} = {02473AD5-17F2-4281-80FE-99DADC072AAB}
		{7A80359A-C4CB-4B45-86A3-64C544E45FBF} = {02473AD5-17F2-4281-80FE-99DADC072AAB}
		{8FCCE1FA-7E5F-418B-805B-7EF3458DCAC7} = {02473AD5-17F2-4281-80FE-99DADC072AAB}
		{6197B047-1012-4A82-9AB0-083CC56DF5DE} = {02473AD5-17F2-4281-80FE-99DADC072AAB}
		{418CAF65-E869-4CD7-B864-D8C994C95CF8} = {02473AD5-17F2-4281-80FE-99DADC072AAB}
		{F3CC6EAB-771E-49E6-8C67-DD60C83ACBC7} = {02473AD5-17F2-4281-80FE-99DADC072AAB}
		{997E0975-9447-44FF-98F0-8C0183071D91} = {02473AD5-17F2-4281-80FE-99DADC072AAB}
		{8992964E-27A1-42B8-81C7-8761DD13E0CD} = {44A47E6C-CF53-4B41-A0FB-F66CE95E94FD}
		{079EA59F-B918-45D3-8014-A33048E0947F} = {8992964E-27A1-42B8-81C7-8761DD13E0CD}
		{4F635F14-947E-4E97-ABDA-FD94211D7083} = {8992964E-27A1-42B8-81C7-8761DD13E0CD}
		{E15ACA39-E300-4813-A5D9-F3F8DD358680} = {8992964E-27A1-42B8-81C7-8761DD13E0CD}
		{ED29DB12-4B39-4A02-99D8-FB3825E7CD77} = {8992964E-27A1-42B8-81C7-8761DD13E0CD}
		{65DDD535-29EE-4FAB-BD78-B7A1D4F60761} = {8992964E-27A1-42B8-81C7-8761DD13E0CD}
		{89772079-1B32-4DBE-B100-FE812C37ED32} = {8992964E-27A1-42B8-81C7-8761DD13E0CD}
		{2A9E0090-DEAF-4388-893C-BFF733A68298} = {8992964E-27A1-42B8-81C7-8761DD13E0CD}
		{F0258924-D695-4006-A420-16EBBD3AB739} = {44A47E6C-CF53-4B41-A0FB-F66CE95E94FD}
		{3D406134-7A35-4693-ABB0-DDA68375058E} = {F0258924-D695-4006-A420-16EBBD3AB739}
		{7D853791-5D00-4629-AD10-DB51CB9E1643} = {44A47E6C-CF53-4B41-A0FB-F66CE95E94FD}
		{8C9B3486-1D7D-404E-8863-0286326040F5} = {7D853791-5D00-4629-AD10-DB51CB9E1643}
		{0AE148BC-6918-4346-91D7-D52D45853F56} = {7D853791-5D00-4629-AD10-DB51CB9E1643}
		{8E27FF6E-9027-4ABC-B00F-613BE981BBC1} = {7D853791-5D00-4629-AD10-DB51CB9E1643}
		{0D45FF1A-BD27-46AC-8704-8778C7D71369} = {7D853791-5D00-4629-AD10-DB51CB9E1643}
		{D231EA19-20BE-48DE-A381-2BAC75FFB87B} = {7D853791-5D00-4629-AD10-DB51CB9E1643}
		{B901AD47-FDC9-4186-875E-965380A50301} = {7D853791-5D00-4629-AD10-DB51CB9E1643}
		{D2110F3F-78F0-4FD2-9F8B-0EB62C9C52A5} = {7D853791-5D00-4629-AD10-DB51CB9E1643}
		{B0A514EF-3FD2-409F-AE98-312A39F3CA18} = {44A47E6C-CF53-4B41-A0FB-F66CE95E94FD}
		{69D0C0F5-E586-497C-9F64-AFBEEEE4605D} = {B0A514EF-3FD2-409F-AE98-312A39F3CA18}
		{93A293A2-0DF6-4375-B830-98D061C83F26} = {B0A514EF-3FD2-409F-AE98-312A39F3CA18}
		{447471BE-74A9-4F9E-8B9C-F29A6D119A54} = {B0A514EF-3FD2-409F-AE98-312A39F3CA18}
		{D1C6B57E-62E5-42EF-BCCD-87B8CCDE28E2} = {B0A514EF-3FD2-409F-AE98-312A39F3CA18}
		{EE3C08F6-FFA4-4D69-AB25-166974750DD9} = {B0A514EF-3FD2-409F-AE98-312A39F3CA18}
		{E6DEBEF0-50E2-47B5-8E00-342646C0F424} = {B0A514EF-3FD2-409F-AE98-312A39F3CA18}
		{331CE3D6-DD1B-4010-93F2-2AD6C89B381D} = {B0A514EF-3FD2-409F-AE98-312A39F3CA18}
	EndGlobalSection
	GlobalSection(ExtensibilityGlobals) = postSolution
		SolutionGuid = {975B6E67-D319-41BB-A388-73EBDC0DD9F2}
	EndGlobalSection
EndGlobal
